// !$*UTF8*$!
{
	archiveVersion = 1;
	classes = {
	};
	objectVersion = 56;
	objects = {

/* Begin PBXBuildFile section */
		408B35710004000000000001 /* PrayerTimeApp.swift in Sources */ = {isa = PBXBuildFile; fileRef = 408B35710003000000000001 /* PrayerTimeApp.swift */; };
		408B35710004000000000002 /* Assets.xcassets in Resources */ = {isa = PBXBuildFile; fileRef = 408B35710003000000000004 /* Assets.xcassets */; };
		408B35710004000000000003 /* Adhan in Frameworks */ = {isa = PBXBuildFile; productRef = 408B35710008000000000002 /* Adhan */; };
		408B35710004000000000004 /* PrayerTimeModel.swift in Sources */ = {isa = PBXBuildFile; fileRef = 408B35710003000000000006 /* PrayerTimeModel.swift */; };
		408B35710004000000000005 /* LocationModel.swift in Sources */ = {isa = PBXBuildFile; fileRef = 408B35710003000000000007 /* LocationModel.swift */; };
		408B35710004000000000006 /* AppSettings.swift in Sources */ = {isa = PBXBuildFile; fileRef = 408B35710003000000000008 /* AppSettings.swift */; };
		408B35710004000000000007 /* PrayerCalculationService.swift in Sources */ = {isa = PBXBuildFile; fileRef = 408B35710003000000000009 /* PrayerCalculationService.swift */; };
		408B35710004000000000008 /* LocationService.swift in Sources */ = {isa = PBXBuildFile; fileRef = 408B3571000300000000000A /* LocationService.swift */; };
		408B35710004000000000009 /* NotificationService.swift in Sources */ = {isa = PBXBuildFile; fileRef = 408B3571000300000000000B /* NotificationService.swift */; };
/* End PBXBuildFile section */

/* Begin PBXFileReference section */
		408B35710003000000000001 /* PrayerTimeApp.swift */ = {isa = PBXFileReference; lastKnownFileType = sourcecode.swift; path = PrayerTimeApp.swift; sourceTree = "<group>"; };
		408B35710003000000000002 /* Info.plist */ = {isa = PBXFileReference; lastKnownFileType = text.plist.xml; path = Info.plist; sourceTree = "<group>"; };
		408B35710003000000000003 /* PrayerTime.entitlements */ = {isa = PBXFileReference; lastKnownFileType = text.plist.entitlements; path = PrayerTime.entitlements; sourceTree = "<group>"; };
		408B35710003000000000004 /* Assets.xcassets */ = {isa = PBXFileReference; lastKnownFileType = folder.assetcatalog; path = Assets.xcassets; sourceTree = "<group>"; };
		408B35710003000000000005 /* PrayerTime.app */ = {isa = PBXFileReference; explicitFileType = wrapper.application; includeInIndex = 0; path = PrayerTime.app; sourceTree = BUILT_PRODUCTS_DIR; };
		408B35710003000000000006 /* PrayerTimeModel.swift */ = {isa = PBXFileReference; lastKnownFileType = sourcecode.swift; path = PrayerTimeModel.swift; sourceTree = "<group>"; };
		408B35710003000000000007 /* LocationModel.swift */ = {isa = PBXFileReference; lastKnownFileType = sourcecode.swift; path = LocationModel.swift; sourceTree = "<group>"; };
		408B35710003000000000008 /* AppSettings.swift */ = {isa = PBXFileReference; lastKnownFileType = sourcecode.swift; path = AppSettings.swift; sourceTree = "<group>"; };
		408B35710003000000000009 /* PrayerCalculationService.swift */ = {isa = PBXFileReference; lastKnownFileType = sourcecode.swift; path = PrayerCalculationService.swift; sourceTree = "<group>"; };
		408B3571000300000000000A /* LocationService.swift */ = {isa = PBXFileReference; lastKnownFileType = sourcecode.swift; path = LocationService.swift; sourceTree = "<group>"; };
		408B3571000300000000000B /* NotificationService.swift */ = {isa = PBXFileReference; lastKnownFileType = sourcecode.swift; path = NotificationService.swift; sourceTree = "<group>"; };
/* End PBXFileReference section */

/* Begin PBXFrameworksBuildPhase section */
		408B35710006000000000002 /* Frameworks */ = {
			isa = PBXFrameworksBuildPhase;
			buildActionMask = 2147483647;
			files = (
				408B35710004000000000003 /* Adhan in Frameworks */,
			);
			runOnlyForDeploymentPostprocessing = 0;
		};
/* End PBXFrameworksBuildPhase section */

/* Begin PBXGroup section */
		408B35710002000000000001 = {
			isa = PBXGroup;
			children = (
				408B35710002000000000003 /* PrayerTime */,
				408B35710002000000000002 /* Products */,
			);
			sourceTree = "<group>";
		};
		408B35710002000000000002 /* Products */ = {
			isa = PBXGroup;
			children = (
				408B35710003000000000005 /* PrayerTime.app */,
			);
			name = Products;
			sourceTree = "<group>";
		};
		408B35710002000000000003 /* PrayerTime */ = {
			isa = PBXGroup;
			children = (
				408B35710002000000000004 /* App */,
				408B35710002000000000005 /* Models */,
				408B35710002000000000006 /* ViewModels */,
				408B35710002000000000007 /* Views */,
				408B35710002000000000009 /* Services */,
				408B3571000200000000000A /* Utilities */,
				408B35710003000000000004 /* Assets.xcassets */,
				408B35710003000000000002 /* Info.plist */,
				408B35710003000000000003 /* PrayerTime.entitlements */,
			);
			path = PrayerTime;
			sourceTree = "<group>";
		};
		408B35710002000000000004 /* App */ = {
			isa = PBXGroup;
			children = (
				408B35710003000000000001 /* PrayerTimeApp.swift */,
			);
			path = App;
			sourceTree = "<group>";
		};
		408B35710002000000000005 /* Models */ = {
			isa = PBXGroup;
			children = (
				408B35710003000000000008 /* AppSettings.swift */,
				408B35710003000000000006 /* PrayerTimeModel.swift */,
				408B35710003000000000007 /* LocationModel.swift */,
			);
			path = Models;
			sourceTree = "<group>";
		};
		408B35710002000000000006 /* ViewModels */ = {
			isa = PBXGroup;
			children = (
			);
			path = ViewModels;
			sourceTree = "<group>";
		};
		408B35710002000000000007 /* Views */ = {
			isa = PBXGroup;
			children = (
				408B35710002000000000008 /* Components */,
			);
			path = Views;
			sourceTree = "<group>";
		};
		408B35710002000000000008 /* Components */ = {
			isa = PBXGroup;
			children = (
			);
			path = Components;
			sourceTree = "<group>";
		};
		408B35710002000000000009 /* Services */ = {
			isa = PBXGroup;
			children = (
				408B35710003000000000009 /* PrayerCalculationService.swift */,
				408B3571000300000000000A /* LocationService.swift */,
				408B3571000300000000000B /* NotificationService.swift */,
			);
			path = Services;
			sourceTree = "<group>";
		};
		408B3571000200000000000A /* Utilities */ = {
			isa = PBXGroup;
			children = (
			);
			path = Utilities;
			sourceTree = "<group>";
		};
/* End PBXGroup section */

/* Begin PBXNativeTarget section */
		408B35710005000000000001 /* PrayerTime */ = {
			isa = PBXNativeTarget;
			buildConfigurationList = 408B35710007000000000002 /* Build configuration list for PBXNativeTarget "PrayerTime" */;
			buildPhases = (
				408B35710006000000000001 /* Sources */,
				408B35710006000000000002 /* Frameworks */,
				408B35710006000000000003 /* Resources */,
			);
			buildRules = (
			);
			dependencies = (
			);
			name = PrayerTime;
			packageProductDependencies = (
				408B35710008000000000002 /* Adhan */,
			);
			productName = PrayerTime;
			productReference = 408B35710003000000000005 /* PrayerTime.app */;
			productType = "com.apple.product-type.application";
		};
/* End PBXNativeTarget section */

/* Begin PBXProject section */
		408B35710001000000000001 /* Project object */ = {
			isa = PBXProject;
			attributes = {
				BuildIndependentTargetsInParallel = 1;
				LastSwiftUpdateCheck = 1600;
				LastUpgradeCheck = 1600;
			};
			buildConfigurationList = 408B35710007000000000001 /* Build configuration list for PBXProject "PrayerTime" */;
			compatibilityVersion = "Xcode 14.0";
			developmentRegion = en;
			hasScannedForEncodings = 0;
			knownRegions = (
				en,
				Base,
			);
			mainGroup = 408B35710002000000000001;
			packageReferences = (
				408B35710008000000000001 /* XCRemoteSwiftPackageReference "adhan-swift" */,
			);
			productRefGroup = 408B35710002000000000002 /* Products */;
			projectDirPath = "";
			projectRoot = "";
			targets = (
				408B35710005000000000001 /* PrayerTime */,
			);
		};
/* End PBXProject section */

/* Begin PBXResourcesBuildPhase section */
		408B35710006000000000003 /* Resources */ = {
			isa = PBXResourcesBuildPhase;
			buildActionMask = 2147483647;
			files = (
				408B35710004000000000002 /* Assets.xcassets in Resources */,
			);
			runOnlyForDeploymentPostprocessing = 0;
		};
/* End PBXResourcesBuildPhase section */

/* Begin PBXSourcesBuildPhase section */
		408B35710006000000000001 /* Sources */ = {
			isa = PBXSourcesBuildPhase;
			buildActionMask = 2147483647;
			files = (
				408B35710004000000000001 /* PrayerTimeApp.swift in Sources */,
				408B35710004000000000004 /* PrayerTimeModel.swift in Sources */,
				408B35710004000000000005 /* LocationModel.swift in Sources */,
				408B35710004000000000006 /* AppSettings.swift in Sources */,
				408B35710004000000000007 /* PrayerCalculationService.swift in Sources */,
				408B35710004000000000008 /* LocationService.swift in Sources */,
				408B35710004000000000009 /* NotificationService.swift in Sources */,
			);
			runOnlyForDeploymentPostprocessing = 0;
		};
/* End PBXSourcesBuildPhase section */

/* Begin XCBuildConfiguration section */
		408B35710007000000000003 /* Debug */ = {
			isa = XCBuildConfiguration;
			buildSettings = {
				ALWAYS_SEARCH_USER_PATHS = NO;
				CLANG_ANALYZER_NONNULL = YES;
				CLANG_ANALYZER_NUMBER_OBJECT_CONVERSION = YES_AGGRESSIVE;
				CLANG_CXX_LANGUAGE_STANDARD = "gnu++20";
				CLANG_ENABLE_MODULES = YES;
				CLANG_ENABLE_OBJC_ARC = YES;
				CLANG_ENABLE_OBJC_WEAK = YES;
				CLANG_WARN_BLOCK_CAPTURE_AUTORELEASING = YES;
				CLANG_WARN_BOOL_CONVERSION = YES;
				CLANG_WARN_COMMA = YES;
				CLANG_WARN_CONSTANT_CONVERSION = YES;
				CLANG_WARN_DEPRECATED_OBJC_IMPLEMENTATIONS = YES;
				CLANG_WARN_DIRECT_OBJC_ISA_USAGE = YES_ERROR;
				CLANG_WARN_DOCUMENTATION_COMMENTS = YES;
				CLANG_WARN_EMPTY_BODY = YES;
				CLANG_WARN_ENUM_CONVERSION = YES;
				CLANG_WARN_INFINITE_RECURSION = YES;
				CLANG_WARN_INT_CONVERSION = YES;
				CLANG_WARN_NON_LITERAL_NULL_CONVERSION = YES;
				CLANG_WARN_OBJC_IMPLICIT_RETAIN_SELF = YES;
				CLANG_WARN_OBJC_LITERAL_CONVERSION = YES;
				CLANG_WARN_OBJC_ROOT_CLASS = YES_ERROR;
				CLANG_WARN_QUOTED_INCLUDE_IN_FRAMEWORK_HEADER = YES;
				CLANG_WARN_RANGE_LOOP_ANALYSIS = YES;
				CLANG_WARN_STRICT_PROTOTYPES = YES;
				CLANG_WARN_SUSPICIOUS_MOVE = YES;
				CLANG_WARN_UNGUARDED_AVAILABILITY = YES_AGGRESSIVE;
				CLANG_WARN_UNREACHABLE_CODE = YES;
				CLANG_WARN__DUPLICATE_METHOD_MATCH = YES;
				COPY_PHASE_STRIP = NO;
				DEBUG_INFORMATION_FORMAT = dwarf;
				ENABLE_STRICT_OBJC_MSGSEND = YES;
				ENABLE_TESTABILITY = YES;
				GCC_C_LANGUAGE_STANDARD = gnu17;
				GCC_DYNAMIC_NO_PIC = NO;
				GCC_NO_COMMON_BLOCKS = YES;
				GCC_OPTIMIZATION_LEVEL = 0;
				GCC_PREPROCESSOR_DEFINITIONS = (
					"DEBUG=1",
					"$(inherited)",
				);
				GCC_WARN_64_TO_32_BIT_CONVERSION = YES;
				GCC_WARN_ABOUT_RETURN_TYPE = YES_ERROR;
				GCC_WARN_UNDECLARED_SELECTOR = YES;
				GCC_WARN_UNINITIALIZED_AUTOS = YES_AGGRESSIVE;
				GCC_WARN_UNUSED_FUNCTION = YES;
				GCC_WARN_UNUSED_VARIABLE = YES;
				MACOSX_DEPLOYMENT_TARGET = 15.0;
				MTL_ENABLE_DEBUG_INFO = INCLUDE_SOURCE;
				ONLY_ACTIVE_ARCH = YES;
				SDKROOT = macosx;
				SWIFT_ACTIVE_COMPILATION_CONDITIONS = "$(inherited) DEBUG";
				SWIFT_OPTIMIZATION_LEVEL = "-Onone";
			};
			name = Debug;
		};
		408B35710007000000000004 /* Release */ = {
			isa = XCBuildConfiguration;
			buildSettings = {
				ALWAYS_SEARCH_USER_PATHS = NO;
				CLANG_ANALYZER_NONNULL = YES;
				CLANG_ANALYZER_NUMBER_OBJECT_CONVERSION = YES_AGGRESSIVE;
				CLANG_CXX_LANGUAGE_STANDARD = "gnu++20";
				CLANG_ENABLE_MODULES = YES;
				CLANG_ENABLE_OBJC_ARC = YES;
				CLANG_ENABLE_OBJC_WEAK = YES;
				CLANG_WARN_BLOCK_CAPTURE_AUTORELEASING = YES;
				CLANG_WARN_BOOL_CONVERSION = YES;
				CLANG_WARN_COMMA = YES;
				CLANG_WARN_CONSTANT_CONVERSION = YES;
				CLANG_WARN_DEPRECATED_OBJC_IMPLEMENTATIONS = YES;
				CLANG_WARN_DIRECT_OBJC_ISA_USAGE = YES_ERROR;
				CLANG_WARN_DOCUMENTATION_COMMENTS = YES;
				CLANG_WARN_EMPTY_BODY = YES;
				CLANG_WARN_ENUM_CONVERSION = YES;
				CLANG_WARN_INFINITE_RECURSION = YES;
				CLANG_WARN_INT_CONVERSION = YES;
				CLANG_WARN_NON_LITERAL_NULL_CONVERSION = YES;
				CLANG_WARN_OBJC_IMPLICIT_RETAIN_SELF = YES;
				CLANG_WARN_OBJC_LITERAL_CONVERSION = YES;
				CLANG_WARN_OBJC_ROOT_CLASS = YES_ERROR;
				CLANG_WARN_QUOTED_INCLUDE_IN_FRAMEWORK_HEADER = YES;
				CLANG_WARN_RANGE_LOOP_ANALYSIS = YES;
				CLANG_WARN_STRICT_PROTOTYPES = YES;
				CLANG_WARN_SUSPICIOUS_MOVE = YES;
				CLANG_WARN_UNGUARDED_AVAILABILITY = YES_AGGRESSIVE;
				CLANG_WARN_UNREACHABLE_CODE = YES;
				CLANG_WARN__DUPLICATE_METHOD_MATCH = YES;
				COPY_PHASE_STRIP = NO;
				DEBUG_INFORMATION_FORMAT = "dwarf-with-dsym";
				ENABLE_NS_ASSERTIONS = NO;
				ENABLE_STRICT_OBJC_MSGSEND = YES;
				GCC_C_LANGUAGE_STANDARD = gnu17;
				GCC_NO_COMMON_BLOCKS = YES;
				GCC_WARN_64_TO_32_BIT_CONVERSION = YES;
				GCC_WARN_ABOUT_RETURN_TYPE = YES_ERROR;
				GCC_WARN_UNDECLARED_SELECTOR = YES;
				GCC_WARN_UNINITIALIZED_AUTOS = YES_AGGRESSIVE;
				GCC_WARN_UNUSED_FUNCTION = YES;
				GCC_WARN_UNUSED_VARIABLE = YES;
				MACOSX_DEPLOYMENT_TARGET = 15.0;
				MTL_ENABLE_DEBUG_INFO = NO;
				SDKROOT = macosx;
				SWIFT_COMPILATION_MODE = wholemodule;
			};
			name = Release;
		};
		408B35710007000000000005 /* Debug */ = {
			isa = XCBuildConfiguration;
			buildSettings = {
				ASSETCATALOG_COMPILER_APPICON_NAME = AppIcon;
				ASSETCATALOG_COMPILER_GLOBAL_ACCENT_COLOR_NAME = AccentColor;
				CODE_SIGN_ENTITLEMENTS = PrayerTime/PrayerTime.entitlements;
				CODE_SIGN_STYLE = Automatic;
				COMBINE_HIDPI_IMAGES = YES;
				CURRENT_PROJECT_VERSION = 1;
				ENABLE_HARDENED_RUNTIME = YES;
				GENERATE_INFOPLIST_FILE = YES;
				INFOPLIST_FILE = PrayerTime/Info.plist;
				"INFOPLIST_KEY_LSApplicationCategoryType" = "public.app-category.lifestyle";
				LD_RUNPATH_SEARCH_PATHS = (
					"$(inherited)",
					"@executable_path/../Frameworks",
				);
				MARKETING_VERSION = 1.0;
				PRODUCT_BUNDLE_IDENTIFIER = com.furkankaynak.PrayerTime;
				PRODUCT_NAME = "$(TARGET_NAME)";
				SWIFT_EMIT_LOC_STRINGS = YES;
				SWIFT_VERSION = 5.0;
			};
			name = Debug;
		};
		408B35710007000000000006 /* Release */ = {
			isa = XCBuildConfiguration;
			buildSettings = {
				ASSETCATALOG_COMPILER_APPICON_NAME = AppIcon;
				ASSETCATALOG_COMPILER_GLOBAL_ACCENT_COLOR_NAME = AccentColor;
				CODE_SIGN_ENTITLEMENTS = PrayerTime/PrayerTime.entitlements;
				CODE_SIGN_STYLE = Automatic;
				COMBINE_HIDPI_IMAGES = YES;
				CURRENT_PROJECT_VERSION = 1;
				ENABLE_HARDENED_RUNTIME = YES;
				GENERATE_INFOPLIST_FILE = YES;
				INFOPLIST_FILE = PrayerTime/Info.plist;
				"INFOPLIST_KEY_LSApplicationCategoryType" = "public.app-category.lifestyle";
				LD_RUNPATH_SEARCH_PATHS = (
					"$(inherited)",
					"@executable_path/../Frameworks",
				);
				MARKETING_VERSION = 1.0;
				PRODUCT_BUNDLE_IDENTIFIER = com.furkankaynak.PrayerTime;
				PRODUCT_NAME = "$(TARGET_NAME)";
				SWIFT_EMIT_LOC_STRINGS = YES;
				SWIFT_VERSION = 5.0;
			};
			name = Release;
		};
/* End XCBuildConfiguration section */

/* Begin XCConfigurationList section */
		408B35710007000000000001 /* Build configuration list for PBXProject "PrayerTime" */ = {
			isa = XCConfigurationList;
			buildConfigurations = (
				408B35710007000000000003 /* Debug */,
				408B35710007000000000004 /* Release */,
			);
			defaultConfigurationIsVisible = 0;
			defaultConfigurationName = Release;
		};
		408B35710007000000000002 /* Build configuration list for PBXNativeTarget "PrayerTime" */ = {
			isa = XCConfigurationList;
			buildConfigurations = (
				408B35710007000000000005 /* Debug */,
				408B35710007000000000006 /* Release */,
			);
			defaultConfigurationIsVisible = 0;
			defaultConfigurationName = Release;
		};
/* End XCConfigurationList section */

/* Begin XCRemoteSwiftPackageReference section */
		408B35710008000000000001 /* XCRemoteSwiftPackageReference "adhan-swift" */ = {
			isa = XCRemoteSwiftPackageReference;
			repositoryURL = "https://github.com/batoulapps/adhan-swift";
			requirement = {
				kind = upToNextMajorVersion;
				minimumVersion = "1.0.0";
			};
		};
/* End XCRemoteSwiftPackageReference section */

/* Begin XCSwiftPackageProductDependency section */
		408B35710008000000000002 /* Adhan */ = {
			isa = XCSwiftPackageProductDependency;
			package = 408B35710008000000000001 /* XCRemoteSwiftPackageReference "adhan-swift" */;
			productName = Adhan;
		};
/* End XCSwiftPackageProductDependency section */

	};
	rootObject = 408B35710001000000000001 /* Project object */;
}
